
Microsoft Visual Studio Solution File, Format Version 12.00
# Visual Studio Version 16
VisualStudioVersion = 16.0.30907.101
MinimumVisualStudioVersion = 10.0.40219.1
Project("{FAE04EC0-301F-11D3-BF4B-00C04F79EFBC}") = "LESSON 2", "LESSON 2\LESSON 2.csproj", "{285FD0EA-D0C0-4EED-A46E-9823EA2F2945}"
EndProject
Project("{FAE04EC0-301F-11D3-BF4B-00C04F79EFBC}") = "LESSON 3", "LESSON 3\LESSON 3.csproj", "{6B5E7623-0ADA-4994-BC01-5CFB8EE480C9}"
EndProject
Project("{FAE04EC0-301F-11D3-BF4B-00C04F79EFBC}") = "LESSON 5", "LESSON 5\LESSON 5.csproj", "{593172B9-0F17-457E-B998-407B2270F7F1}"
EndProject
Global
	GlobalSection(SolutionConfigurationPlatforms) = preSolution
		Debug|Any CPU = Debug|Any CPU
		Release|Any CPU = Release|Any CPU
	EndGlobalSection
	GlobalSection(ProjectConfigurationPlatforms) = postSolution
		{285FD0EA-D0C0-4EED-A46E-9823EA2F2945}.Debug|Any CPU.ActiveCfg = Debug|Any CPU
		{285FD0EA-D0C0-4EED-A46E-9823EA2F2945}.Debug|Any CPU.Build.0 = Debug|Any CPU
		{285FD0EA-D0C0-4EED-A46E-9823EA2F2945}.Release|Any CPU.ActiveCfg = Release|Any CPU
		{285FD0EA-D0C0-4EED-A46E-9823EA2F2945}.Release|Any CPU.Build.0 = Release|Any CPU
		{6B5E7623-0ADA-4994-BC01-5CFB8EE480C9}.Debug|Any CPU.ActiveCfg = Debug|Any CPU
		{6B5E7623-0ADA-4994-BC01-5CFB8EE480C9}.Debug|Any CPU.Build.0 = Debug|Any CPU
		{6B5E7623-0ADA-4994-BC01-5CFB8EE480C9}.Release|Any CPU.ActiveCfg = Release|Any CPU
		{6B5E7623-0ADA-4994-BC01-5CFB8EE480C9}.Release|Any CPU.Build.0 = Release|Any CPU
		{593172B9-0F17-457E-B998-407B2270F7F1}.Debug|Any CPU.ActiveCfg = Debug|Any CPU
		{593172B9-0F17-457E-B998-407B2270F7F1}.Debug|Any CPU.Build.0 = Debug|Any CPU
		{593172B9-0F17-457E-B998-407B2270F7F1}.Release|Any CPU.ActiveCfg = Release|Any CPU
		{593172B9-0F17-457E-B998-407B2270F7F1}.Release|Any CPU.Build.0 = Release|Any CPU
	EndGlobalSection
	GlobalSection(SolutionProperties) = preSolution
		HideSolutionNode = FALSE
	EndGlobalSection
	GlobalSection(ExtensibilityGlobals) = postSolution
		SolutionGuid = {9A96FF0C-29F1-422B-BCC4-3A2E19A882E6}
	EndGlobalSection
EndGlobal
